
Microsoft Visual Studio Solution File, Format Version 12.00
# Visual Studio Version 16
VisualStudioVersion = 16.0.31112.23
MinimumVisualStudioVersion = 10.0.40219.1
Project("{FAE04EC0-301F-11D3-BF4B-00C04F79EFBC}") = "RealTimeDelegateDemo", "RealTimeDelegateDemo\RealTimeDelegateDemo.csproj", "{BD09074A-35F7-4D50-9133-F65F9901D90E}"
EndProject
Global
	GlobalSection(SolutionConfigurationPlatforms) = preSolution
		Debug|Any CPU = Debug|Any CPU
		Release|Any CPU = Release|Any CPU
	EndGlobalSection
	GlobalSection(ProjectConfigurationPlatforms) = postSolution
		{BD09074A-35F7-4D50-9133-F65F9901D90E}.Debug|Any CPU.ActiveCfg = Debug|Any CPU
		{BD09074A-35F7-4D50-9133-F65F9901D90E}.Debug|Any CPU.Build.0 = Debug|Any CPU
		{BD09074A-35F7-4D50-9133-F65F9901D90E}.Release|Any CPU.ActiveCfg = Release|Any CPU
		{BD09074A-35F7-4D50-9133-F65F9901D90E}.Release|Any CPU.Build.0 = Release|Any CPU
	EndGlobalSection
	GlobalSection(SolutionProperties) = preSolution
		HideSolutionNode = FALSE
	EndGlobalSection
	GlobalSection(ExtensibilityGlobals) = postSolution
		SolutionGuid = {08562033-7E93-4B68-83E3-FD6155B14E52}
	EndGlobalSection
EndGlobal
