
Microsoft Visual Studio Solution File, Format Version 12.00
# Visual Studio Version 16
VisualStudioVersion = 16.0.31112.23
MinimumVisualStudioVersion = 10.0.40219.1
Project("{FAE04EC0-301F-11D3-BF4B-00C04F79EFBC}") = "CalculatorTest", "CalculatorTest\CalculatorTest.csproj", "{721DF01B-430A-4C9A-8971-DE966D2133A0}"
EndProject
Project("{FAE04EC0-301F-11D3-BF4B-00C04F79EFBC}") = "CalculatorLib", "CalculatorLib\CalculatorLib.csproj", "{98918FFD-4EC5-45A8-BC1F-21D94D54A38A}"
EndProject
Global
	GlobalSection(SolutionConfigurationPlatforms) = preSolution
		Debug|Any CPU = Debug|Any CPU
		Release|Any CPU = Release|Any CPU
	EndGlobalSection
	GlobalSection(ProjectConfigurationPlatforms) = postSolution
		{721DF01B-430A-4C9A-8971-DE966D2133A0}.Debug|Any CPU.ActiveCfg = Debug|Any CPU
		{721DF01B-430A-4C9A-8971-DE966D2133A0}.Debug|Any CPU.Build.0 = Debug|Any CPU
		{721DF01B-430A-4C9A-8971-DE966D2133A0}.Release|Any CPU.ActiveCfg = Release|Any CPU
		{721DF01B-430A-4C9A-8971-DE966D2133A0}.Release|Any CPU.Build.0 = Release|Any CPU
		{98918FFD-4EC5-45A8-BC1F-21D94D54A38A}.Debug|Any CPU.ActiveCfg = Debug|Any CPU
		{98918FFD-4EC5-45A8-BC1F-21D94D54A38A}.Debug|Any CPU.Build.0 = Debug|Any CPU
		{98918FFD-4EC5-45A8-BC1F-21D94D54A38A}.Release|Any CPU.ActiveCfg = Release|Any CPU
		{98918FFD-4EC5-45A8-BC1F-21D94D54A38A}.Release|Any CPU.Build.0 = Release|Any CPU
	EndGlobalSection
	GlobalSection(SolutionProperties) = preSolution
		HideSolutionNode = FALSE
	EndGlobalSection
	GlobalSection(ExtensibilityGlobals) = postSolution
		SolutionGuid = {907287F2-8F63-4117-847A-70BD138DB8C7}
	EndGlobalSection
EndGlobal
